
Microsoft Visual Studio Solution File, Format Version 12.00
# Visual Studio Version 16
VisualStudioVersion = 16.0.29920.165
MinimumVisualStudioVersion = 10.0.40219.1
Project("{FAE04EC0-301F-11D3-BF4B-00C04F79EFBC}") = "Nom2", "Nom2\Nom2.csproj", "{DFBCC5D2-300D-4B29-93A2-018C37F6932D}"
EndProject
Global
	GlobalSection(SolutionConfigurationPlatforms) = preSolution
		Debug|Any CPU = Debug|Any CPU
		Release|Any CPU = Release|Any CPU
	EndGlobalSection
	GlobalSection(ProjectConfigurationPlatforms) = postSolution
		{DFBCC5D2-300D-4B29-93A2-018C37F6932D}.Debug|Any CPU.ActiveCfg = Debug|Any CPU
		{DFBCC5D2-300D-4B29-93A2-018C37F6932D}.Debug|Any CPU.Build.0 = Debug|Any CPU
		{DFBCC5D2-300D-4B29-93A2-018C37F6932D}.Release|Any CPU.ActiveCfg = Release|Any CPU
		{DFBCC5D2-300D-4B29-93A2-018C37F6932D}.Release|Any CPU.Build.0 = Release|Any CPU
	EndGlobalSection
	GlobalSection(SolutionProperties) = preSolution
		HideSolutionNode = FALSE
	EndGlobalSection
	GlobalSection(ExtensibilityGlobals) = postSolution
		SolutionGuid = {60B681FA-CE0A-459A-91F7-C1BCF45B6460}
	EndGlobalSection
EndGlobal
